PODS:
  - GoogleAds-IMA-tvOS-SDK (4.9.2)
  - MediastreamPlatformSDKAppleTV (0.2.0):
    - GoogleAds-IMA-tvOS-SDK (~> 4.9.2)
    - YouboraAVPlayerAdapter (= 6.3.5)
    - YouboraLib (= 6.3.9)
  - YouboraAVPlayerAdapter (6.3.5):
    - YouboraLib (~> 6.3.0)
  - YouboraLib (6.3.9)

DEPENDENCIES:
  - MediastreamPlatformSDKAppleTV (from `../`)

SPEC REPOS:
  trunk:
    - GoogleAds-IMA-tvOS-SDK
    - YouboraAVPlayerAdapter
    - YouboraLib

EXTERNAL SOURCES:
  MediastreamPlatformSDKAppleTV:
    :path: "../"

SPEC CHECKSUMS:
  GoogleAds-IMA-tvOS-SDK: 7e72fb938c246fb9718a3468d3c7fa7c722b2ea1
  MediastreamPlatformSDKAppleTV: 5fe65061c65004327045aa274e2e769de0201c2c
  YouboraAVPlayerAdapter: 18c4c75ad2b43fb27f043ae23f1c979c3076ce7a
  YouboraLib: bee6890fb6cf8c4e8ff30a6462bc9692347e28ff

PODFILE CHECKSUM: 20c7a4e1fe8405fef844cd91c8b9f71869d40f6c

COCOAPODS: 1.13.0
